
Microsoft Visual Studio Solution File, Format Version 12.00
# Visual Studio Version 16
VisualStudioVersion = 16.0.30621.155
MinimumVisualStudioVersion = 10.0.40219.1
Project("{9A19103F-16F7-4668-BE54-9A1E7A4F7556}") = "eMusic", "eMusic\eMusic.csproj", "{B0FC69F6-B6C2-43E3-8EC6-D73A50988ED2}"
EndProject
Project("{9A19103F-16F7-4668-BE54-9A1E7A4F7556}") = "eMusic.Model", "eMusic.Model\eMusic.Model.csproj", "{9D28ADBD-683D-41F6-A5F4-C78C2C65D37C}"
EndProject
Project("{2150E333-8FDC-42A3-9474-1A3956D46DE8}") = "Mobile", "Mobile", "{D0E2C818-E0D2-47C6-A7B5-A7D544649EBA}"
EndProject
Project("{FAE04EC0-301F-11D3-BF4B-00C04F79EFBC}") = "eMusic.WinUI", "eMusic.WinUI\eMusic.WinUI.csproj", "{D23FE11F-116A-4726-99D5-9378797D1385}"
EndProject
Project("{FAE04EC0-301F-11D3-BF4B-00C04F79EFBC}") = "eMusic.Mobile.UWP", "eMusic.Mobile\eMusic.Mobile.UWP\eMusic.Mobile.UWP.csproj", "{6FF9882D-9117-46E9-B352-C4819BEFB419}"
EndProject
Project("{FAE04EC0-301F-11D3-BF4B-00C04F79EFBC}") = "eMusic.Mobile.Android", "eMusic.Mobile\eMusic.Mobile.Android\eMusic.Mobile.Android.csproj", "{C801F189-8619-4073-84BF-8098DE9C292D}"
EndProject
Project("{FAE04EC0-301F-11D3-BF4B-00C04F79EFBC}") = "eMusic.Mobile.iOS", "eMusic.Mobile\eMusic.Mobile.iOS\eMusic.Mobile.iOS.csproj", "{30B345CE-2C90-440A-B7F8-D3BE01A1FBDD}"
EndProject
Project("{9A19103F-16F7-4668-BE54-9A1E7A4F7556}") = "eMusic.Mobile", "eMusic.Mobile\eMusic.Mobile\eMusic.Mobile.csproj", "{7297F667-02C4-47B5-835E-7B11439D4103}"
EndProject
Global
	GlobalSection(SolutionConfigurationPlatforms) = preSolution
		Debug|Any CPU = Debug|Any CPU
		Debug|ARM = Debug|ARM
		Debug|iPhone = Debug|iPhone
		Debug|iPhoneSimulator = Debug|iPhoneSimulator
		Debug|x64 = Debug|x64
		Debug|x86 = Debug|x86
		Release|Any CPU = Release|Any CPU
		Release|ARM = Release|ARM
		Release|iPhone = Release|iPhone
		Release|iPhoneSimulator = Release|iPhoneSimulator
		Release|x64 = Release|x64
		Release|x86 = Release|x86
	EndGlobalSection
	GlobalSection(ProjectConfigurationPlatforms) = postSolution
		{B0FC69F6-B6C2-43E3-8EC6-D73A50988ED2}.Debug|Any CPU.ActiveCfg = Debug|Any CPU
		{B0FC69F6-B6C2-43E3-8EC6-D73A50988ED2}.Debug|Any CPU.Build.0 = Debug|Any CPU
		{B0FC69F6-B6C2-43E3-8EC6-D73A50988ED2}.Debug|ARM.ActiveCfg = Debug|Any CPU
		{B0FC69F6-B6C2-43E3-8EC6-D73A50988ED2}.Debug|ARM.Build.0 = Debug|Any CPU
		{B0FC69F6-B6C2-43E3-8EC6-D73A50988ED2}.Debug|iPhone.ActiveCfg = Debug|Any CPU
		{B0FC69F6-B6C2-43E3-8EC6-D73A50988ED2}.Debug|iPhone.Build.0 = Debug|Any CPU
		{B0FC69F6-B6C2-43E3-8EC6-D73A50988ED2}.Debug|iPhoneSimulator.ActiveCfg = Debug|Any CPU
		{B0FC69F6-B6C2-43E3-8EC6-D73A50988ED2}.Debug|iPhoneSimulator.Build.0 = Debug|Any CPU
		{B0FC69F6-B6C2-43E3-8EC6-D73A50988ED2}.Debug|x64.ActiveCfg = Debug|Any CPU
		{B0FC69F6-B6C2-43E3-8EC6-D73A50988ED2}.Debug|x64.Build.0 = Debug|Any CPU
		{B0FC69F6-B6C2-43E3-8EC6-D73A50988ED2}.Debug|x86.ActiveCfg = Debug|Any CPU
		{B0FC69F6-B6C2-43E3-8EC6-D73A50988ED2}.Debug|x86.Build.0 = Debug|Any CPU
		{B0FC69F6-B6C2-43E3-8EC6-D73A50988ED2}.Release|Any CPU.ActiveCfg = Release|Any CPU
		{B0FC69F6-B6C2-43E3-8EC6-D73A50988ED2}.Release|Any CPU.Build.0 = Release|Any CPU
		{B0FC69F6-B6C2-43E3-8EC6-D73A50988ED2}.Release|ARM.ActiveCfg = Release|Any CPU
		{B0FC69F6-B6C2-43E3-8EC6-D73A50988ED2}.Release|ARM.Build.0 = Release|Any CPU
		{B0FC69F6-B6C2-43E3-8EC6-D73A50988ED2}.Release|iPhone.ActiveCfg = Release|Any CPU
		{B0FC69F6-B6C2-43E3-8EC6-D73A50988ED2}.Release|iPhone.Build.0 = Release|Any CPU
		{B0FC69F6-B6C2-43E3-8EC6-D73A50988ED2}.Release|iPhoneSimulator.ActiveCfg = Release|Any CPU
		{B0FC69F6-B6C2-43E3-8EC6-D73A50988ED2}.Release|iPhoneSimulator.Build.0 = Release|Any CPU
		{B0FC69F6-B6C2-43E3-8EC6-D73A50988ED2}.Release|x64.ActiveCfg = Release|Any CPU
		{B0FC69F6-B6C2-43E3-8EC6-D73A50988ED2}.Release|x64.Build.0 = Release|Any CPU
		{B0FC69F6-B6C2-43E3-8EC6-D73A50988ED2}.Release|x86.ActiveCfg = Release|Any CPU
		{B0FC69F6-B6C2-43E3-8EC6-D73A50988ED2}.Release|x86.Build.0 = Release|Any CPU
		{9D28ADBD-683D-41F6-A5F4-C78C2C65D37C}.Debug|Any CPU.ActiveCfg = Debug|Any CPU
		{9D28ADBD-683D-41F6-A5F4-C78C2C65D37C}.Debug|Any CPU.Build.0 = Debug|Any CPU
		{9D28ADBD-683D-41F6-A5F4-C78C2C65D37C}.Debug|ARM.ActiveCfg = Debug|Any CPU
		{9D28ADBD-683D-41F6-A5F4-C78C2C65D37C}.Debug|ARM.Build.0 = Debug|Any CPU
		{9D28ADBD-683D-41F6-A5F4-C78C2C65D37C}.Debug|iPhone.ActiveCfg = Debug|Any CPU
		{9D28ADBD-683D-41F6-A5F4-C78C2C65D37C}.Debug|iPhone.Build.0 = Debug|Any CPU
		{9D28ADBD-683D-41F6-A5F4-C78C2C65D37C}.Debug|iPhoneSimulator.ActiveCfg = Debug|Any CPU
		{9D28ADBD-683D-41F6-A5F4-C78C2C65D37C}.Debug|iPhoneSimulator.Build.0 = Debug|Any CPU
		{9D28ADBD-683D-41F6-A5F4-C78C2C65D37C}.Debug|x64.ActiveCfg = Debug|Any CPU
		{9D28ADBD-683D-41F6-A5F4-C78C2C65D37C}.Debug|x64.Build.0 = Debug|Any CPU
		{9D28ADBD-683D-41F6-A5F4-C78C2C65D37C}.Debug|x86.ActiveCfg = Debug|Any CPU
		{9D28ADBD-683D-41F6-A5F4-C78C2C65D37C}.Debug|x86.Build.0 = Debug|Any CPU
		{9D28ADBD-683D-41F6-A5F4-C78C2C65D37C}.Release|Any CPU.ActiveCfg = Release|Any CPU
		{9D28ADBD-683D-41F6-A5F4-C78C2C65D37C}.Release|Any CPU.Build.0 = Release|Any CPU
		{9D28ADBD-683D-41F6-A5F4-C78C2C65D37C}.Release|ARM.ActiveCfg = Release|Any CPU
		{9D28ADBD-683D-41F6-A5F4-C78C2C65D37C}.Release|ARM.Build.0 = Release|Any CPU
		{9D28ADBD-683D-41F6-A5F4-C78C2C65D37C}.Release|iPhone.ActiveCfg = Release|Any CPU
		{9D28ADBD-683D-41F6-A5F4-C78C2C65D37C}.Release|iPhone.Build.0 = Release|Any CPU
		{9D28ADBD-683D-41F6-A5F4-C78C2C65D37C}.Release|iPhoneSimulator.ActiveCfg = Release|Any CPU
		{9D28ADBD-683D-41F6-A5F4-C78C2C65D37C}.Release|iPhoneSimulator.Build.0 = Release|Any CPU
		{9D28ADBD-683D-41F6-A5F4-C78C2C65D37C}.Release|x64.ActiveCfg = Release|Any CPU
		{9D28ADBD-683D-41F6-A5F4-C78C2C65D37C}.Release|x64.Build.0 = Release|Any CPU
		{9D28ADBD-683D-41F6-A5F4-C78C2C65D37C}.Release|x86.ActiveCfg = Release|Any CPU
		{9D28ADBD-683D-41F6-A5F4-C78C2C65D37C}.Release|x86.Build.0 = Release|Any CPU
		{D23FE11F-116A-4726-99D5-9378797D1385}.Debug|Any CPU.ActiveCfg = Debug|Any CPU
		{D23FE11F-116A-4726-99D5-9378797D1385}.Debug|Any CPU.Build.0 = Debug|Any CPU
		{D23FE11F-116A-4726-99D5-9378797D1385}.Debug|ARM.ActiveCfg = Debug|Any CPU
		{D23FE11F-116A-4726-99D5-9378797D1385}.Debug|ARM.Build.0 = Debug|Any CPU
		{D23FE11F-116A-4726-99D5-9378797D1385}.Debug|iPhone.ActiveCfg = Debug|Any CPU
		{D23FE11F-116A-4726-99D5-9378797D1385}.Debug|iPhone.Build.0 = Debug|Any CPU
		{D23FE11F-116A-4726-99D5-9378797D1385}.Debug|iPhoneSimulator.ActiveCfg = Debug|Any CPU
		{D23FE11F-116A-4726-99D5-9378797D1385}.Debug|iPhoneSimulator.Build.0 = Debug|Any CPU
		{D23FE11F-116A-4726-99D5-9378797D1385}.Debug|x64.ActiveCfg = Debug|Any CPU
		{D23FE11F-116A-4726-99D5-9378797D1385}.Debug|x64.Build.0 = Debug|Any CPU
		{D23FE11F-116A-4726-99D5-9378797D1385}.Debug|x86.ActiveCfg = Debug|Any CPU
		{D23FE11F-116A-4726-99D5-9378797D1385}.Debug|x86.Build.0 = Debug|Any CPU
		{D23FE11F-116A-4726-99D5-9378797D1385}.Release|Any CPU.ActiveCfg = Release|Any CPU
		{D23FE11F-116A-4726-99D5-9378797D1385}.Release|Any CPU.Build.0 = Release|Any CPU
		{D23FE11F-116A-4726-99D5-9378797D1385}.Release|ARM.ActiveCfg = Release|Any CPU
		{D23FE11F-116A-4726-99D5-9378797D1385}.Release|ARM.Build.0 = Release|Any CPU
		{D23FE11F-116A-4726-99D5-9378797D1385}.Release|iPhone.ActiveCfg = Release|Any CPU
		{D23FE11F-116A-4726-99D5-9378797D1385}.Release|iPhone.Build.0 = Release|Any CPU
		{D23FE11F-116A-4726-99D5-9378797D1385}.Release|iPhoneSimulator.ActiveCfg = Release|Any CPU
		{D23FE11F-116A-4726-99D5-9378797D1385}.Release|iPhoneSimulator.Build.0 = Release|Any CPU
		{D23FE11F-116A-4726-99D5-9378797D1385}.Release|x64.ActiveCfg = Release|Any CPU
		{D23FE11F-116A-4726-99D5-9378797D1385}.Release|x64.Build.0 = Release|Any CPU
		{D23FE11F-116A-4726-99D5-9378797D1385}.Release|x86.ActiveCfg = Release|Any CPU
		{D23FE11F-116A-4726-99D5-9378797D1385}.Release|x86.Build.0 = Release|Any CPU
		{6FF9882D-9117-46E9-B352-C4819BEFB419}.Debug|Any CPU.ActiveCfg = Debug|x86
		{6FF9882D-9117-46E9-B352-C4819BEFB419}.Debug|Any CPU.Build.0 = Debug|x86
		{6FF9882D-9117-46E9-B352-C4819BEFB419}.Debug|Any CPU.Deploy.0 = Debug|x86
		{6FF9882D-9117-46E9-B352-C4819BEFB419}.Debug|ARM.ActiveCfg = Debug|ARM
		{6FF9882D-9117-46E9-B352-C4819BEFB419}.Debug|ARM.Build.0 = Debug|ARM
		{6FF9882D-9117-46E9-B352-C4819BEFB419}.Debug|ARM.Deploy.0 = Debug|ARM
		{6FF9882D-9117-46E9-B352-C4819BEFB419}.Debug|iPhone.ActiveCfg = Debug|x86
		{6FF9882D-9117-46E9-B352-C4819BEFB419}.Debug|iPhoneSimulator.ActiveCfg = Debug|x86
		{6FF9882D-9117-46E9-B352-C4819BEFB419}.Debug|iPhoneSimulator.Build.0 = Debug|x86
		{6FF9882D-9117-46E9-B352-C4819BEFB419}.Debug|iPhoneSimulator.Deploy.0 = Debug|x86
		{6FF9882D-9117-46E9-B352-C4819BEFB419}.Debug|x64.ActiveCfg = Debug|x64
		{6FF9882D-9117-46E9-B352-C4819BEFB419}.Debug|x64.Build.0 = Debug|x64
		{6FF9882D-9117-46E9-B352-C4819BEFB419}.Debug|x64.Deploy.0 = Debug|x64
		{6FF9882D-9117-46E9-B352-C4819BEFB419}.Debug|x86.ActiveCfg = Debug|x86
		{6FF9882D-9117-46E9-B352-C4819BEFB419}.Debug|x86.Build.0 = Debug|x86
		{6FF9882D-9117-46E9-B352-C4819BEFB419}.Debug|x86.Deploy.0 = Debug|x86
		{6FF9882D-9117-46E9-B352-C4819BEFB419}.Release|Any CPU.ActiveCfg = Release|x86
		{6FF9882D-9117-46E9-B352-C4819BEFB419}.Release|ARM.ActiveCfg = Release|ARM
		{6FF9882D-9117-46E9-B352-C4819BEFB419}.Release|ARM.Build.0 = Release|ARM
		{6FF9882D-9117-46E9-B352-C4819BEFB419}.Release|ARM.Deploy.0 = Release|ARM
		{6FF9882D-9117-46E9-B352-C4819BEFB419}.Release|iPhone.ActiveCfg = Release|x86
		{6FF9882D-9117-46E9-B352-C4819BEFB419}.Release|iPhoneSimulator.ActiveCfg = Release|x86
		{6FF9882D-9117-46E9-B352-C4819BEFB419}.Release|x64.ActiveCfg = Release|x64
		{6FF9882D-9117-46E9-B352-C4819BEFB419}.Release|x64.Build.0 = Release|x64
		{6FF9882D-9117-46E9-B352-C4819BEFB419}.Release|x64.Deploy.0 = Release|x64
		{6FF9882D-9117-46E9-B352-C4819BEFB419}.Release|x86.ActiveCfg = Release|x86
		{6FF9882D-9117-46E9-B352-C4819BEFB419}.Release|x86.Build.0 = Release|x86
		{6FF9882D-9117-46E9-B352-C4819BEFB419}.Release|x86.Deploy.0 = Release|x86
		{C801F189-8619-4073-84BF-8098DE9C292D}.Debug|Any CPU.ActiveCfg = Debug|Any CPU
		{C801F189-8619-4073-84BF-8098DE9C292D}.Debug|Any CPU.Build.0 = Debug|Any CPU
		{C801F189-8619-4073-84BF-8098DE9C292D}.Debug|ARM.ActiveCfg = Debug|Any CPU
		{C801F189-8619-4073-84BF-8098DE9C292D}.Debug|ARM.Build.0 = Debug|Any CPU
		{C801F189-8619-4073-84BF-8098DE9C292D}.Debug|ARM.Deploy.0 = Debug|Any CPU
		{C801F189-8619-4073-84BF-8098DE9C292D}.Debug|iPhone.ActiveCfg = Debug|Any CPU
		{C801F189-8619-4073-84BF-8098DE9C292D}.Debug|iPhone.Build.0 = Debug|Any CPU
		{C801F189-8619-4073-84BF-8098DE9C292D}.Debug|iPhone.Deploy.0 = Debug|Any CPU
		{C801F189-8619-4073-84BF-8098DE9C292D}.Debug|iPhoneSimulator.ActiveCfg = Debug|Any CPU
		{C801F189-8619-4073-84BF-8098DE9C292D}.Debug|x64.ActiveCfg = Debug|Any CPU
		{C801F189-8619-4073-84BF-8098DE9C292D}.Debug|x64.Build.0 = Debug|Any CPU
		{C801F189-8619-4073-84BF-8098DE9C292D}.Debug|x64.Deploy.0 = Debug|Any CPU
		{C801F189-8619-4073-84BF-8098DE9C292D}.Debug|x86.ActiveCfg = Debug|Any CPU
		{C801F189-8619-4073-84BF-8098DE9C292D}.Debug|x86.Build.0 = Debug|Any CPU
		{C801F189-8619-4073-84BF-8098DE9C292D}.Debug|x86.Deploy.0 = Debug|Any CPU
		{C801F189-8619-4073-84BF-8098DE9C292D}.Release|Any CPU.ActiveCfg = Release|Any CPU
		{C801F189-8619-4073-84BF-8098DE9C292D}.Release|Any CPU.Build.0 = Release|Any CPU
		{C801F189-8619-4073-84BF-8098DE9C292D}.Release|Any CPU.Deploy.0 = Release|Any CPU
		{C801F189-8619-4073-84BF-8098DE9C292D}.Release|ARM.ActiveCfg = Release|Any CPU
		{C801F189-8619-4073-84BF-8098DE9C292D}.Release|ARM.Build.0 = Release|Any CPU
		{C801F189-8619-4073-84BF-8098DE9C292D}.Release|ARM.Deploy.0 = Release|Any CPU
		{C801F189-8619-4073-84BF-8098DE9C292D}.Release|iPhone.ActiveCfg = Release|Any CPU
		{C801F189-8619-4073-84BF-8098DE9C292D}.Release|iPhone.Build.0 = Release|Any CPU
		{C801F189-8619-4073-84BF-8098DE9C292D}.Release|iPhone.Deploy.0 = Release|Any CPU
		{C801F189-8619-4073-84BF-8098DE9C292D}.Release|iPhoneSimulator.ActiveCfg = Release|Any CPU
		{C801F189-8619-4073-84BF-8098DE9C292D}.Release|iPhoneSimulator.Build.0 = Release|Any CPU
		{C801F189-8619-4073-84BF-8098DE9C292D}.Release|iPhoneSimulator.Deploy.0 = Release|Any CPU
		{C801F189-8619-4073-84BF-8098DE9C292D}.Release|x64.ActiveCfg = Release|Any CPU
		{C801F189-8619-4073-84BF-8098DE9C292D}.Release|x64.Build.0 = Release|Any CPU
		{C801F189-8619-4073-84BF-8098DE9C292D}.Release|x64.Deploy.0 = Release|Any CPU
		{C801F189-8619-4073-84BF-8098DE9C292D}.Release|x86.ActiveCfg = Release|Any CPU
		{C801F189-8619-4073-84BF-8098DE9C292D}.Release|x86.Build.0 = Release|Any CPU
		{C801F189-8619-4073-84BF-8098DE9C292D}.Release|x86.Deploy.0 = Release|Any CPU
		{30B345CE-2C90-440A-B7F8-D3BE01A1FBDD}.Debug|Any CPU.ActiveCfg = Debug|iPhoneSimulator
		{30B345CE-2C90-440A-B7F8-D3BE01A1FBDD}.Debug|ARM.ActiveCfg = Debug|iPhoneSimulator
		{30B345CE-2C90-440A-B7F8-D3BE01A1FBDD}.Debug|iPhone.ActiveCfg = Debug|iPhone
		{30B345CE-2C90-440A-B7F8-D3BE01A1FBDD}.Debug|iPhone.Build.0 = Debug|iPhone
		{30B345CE-2C90-440A-B7F8-D3BE01A1FBDD}.Debug|iPhoneSimulator.ActiveCfg = Debug|iPhoneSimulator
		{30B345CE-2C90-440A-B7F8-D3BE01A1FBDD}.Debug|x64.ActiveCfg = Debug|iPhoneSimulator
		{30B345CE-2C90-440A-B7F8-D3BE01A1FBDD}.Debug|x86.ActiveCfg = Debug|iPhoneSimulator
		{30B345CE-2C90-440A-B7F8-D3BE01A1FBDD}.Release|Any CPU.ActiveCfg = Release|iPhoneSimulator
		{30B345CE-2C90-440A-B7F8-D3BE01A1FBDD}.Release|ARM.ActiveCfg = Release|iPhoneSimulator
		{30B345CE-2C90-440A-B7F8-D3BE01A1FBDD}.Release|iPhone.ActiveCfg = Release|iPhone
		{30B345CE-2C90-440A-B7F8-D3BE01A1FBDD}.Release|iPhone.Build.0 = Release|iPhone
		{30B345CE-2C90-440A-B7F8-D3BE01A1FBDD}.Release|iPhoneSimulator.ActiveCfg = Release|iPhoneSimulator
		{30B345CE-2C90-440A-B7F8-D3BE01A1FBDD}.Release|iPhoneSimulator.Build.0 = Release|iPhoneSimulator
		{30B345CE-2C90-440A-B7F8-D3BE01A1FBDD}.Release|x64.ActiveCfg = Release|iPhoneSimulator
		{30B345CE-2C90-440A-B7F8-D3BE01A1FBDD}.Release|x86.ActiveCfg = Release|iPhoneSimulator
		{7297F667-02C4-47B5-835E-7B11439D4103}.Debug|Any CPU.ActiveCfg = Debug|Any CPU
		{7297F667-02C4-47B5-835E-7B11439D4103}.Debug|Any CPU.Build.0 = Debug|Any CPU
		{7297F667-02C4-47B5-835E-7B11439D4103}.Debug|ARM.ActiveCfg = Debug|Any CPU
		{7297F667-02C4-47B5-835E-7B11439D4103}.Debug|ARM.Build.0 = Debug|Any CPU
		{7297F667-02C4-47B5-835E-7B11439D4103}.Debug|iPhone.ActiveCfg = Debug|Any CPU
		{7297F667-02C4-47B5-835E-7B11439D4103}.Debug|iPhone.Build.0 = Debug|Any CPU
		{7297F667-02C4-47B5-835E-7B11439D4103}.Debug|iPhoneSimulator.ActiveCfg = Debug|Any CPU
		{7297F667-02C4-47B5-835E-7B11439D4103}.Debug|iPhoneSimulator.Build.0 = Debug|Any CPU
		{7297F667-02C4-47B5-835E-7B11439D4103}.Debug|x64.ActiveCfg = Debug|Any CPU
		{7297F667-02C4-47B5-835E-7B11439D4103}.Debug|x64.Build.0 = Debug|Any CPU
		{7297F667-02C4-47B5-835E-7B11439D4103}.Debug|x86.ActiveCfg = Debug|Any CPU
		{7297F667-02C4-47B5-835E-7B11439D4103}.Debug|x86.Build.0 = Debug|Any CPU
		{7297F667-02C4-47B5-835E-7B11439D4103}.Release|Any CPU.ActiveCfg = Release|Any CPU
		{7297F667-02C4-47B5-835E-7B11439D4103}.Release|Any CPU.Build.0 = Release|Any CPU
		{7297F667-02C4-47B5-835E-7B11439D4103}.Release|ARM.ActiveCfg = Release|Any CPU
		{7297F667-02C4-47B5-835E-7B11439D4103}.Release|ARM.Build.0 = Release|Any CPU
		{7297F667-02C4-47B5-835E-7B11439D4103}.Release|iPhone.ActiveCfg = Release|Any CPU
		{7297F667-02C4-47B5-835E-7B11439D4103}.Release|iPhone.Build.0 = Release|Any CPU
		{7297F667-02C4-47B5-835E-7B11439D4103}.Release|iPhoneSimulator.ActiveCfg = Release|Any CPU
		{7297F667-02C4-47B5-835E-7B11439D4103}.Release|iPhoneSimulator.Build.0 = Release|Any CPU
		{7297F667-02C4-47B5-835E-7B11439D4103}.Release|x64.ActiveCfg = Release|Any CPU
		{7297F667-02C4-47B5-835E-7B11439D4103}.Release|x64.Build.0 = Release|Any CPU
		{7297F667-02C4-47B5-835E-7B11439D4103}.Release|x86.ActiveCfg = Release|Any CPU
		{7297F667-02C4-47B5-835E-7B11439D4103}.Release|x86.Build.0 = Release|Any CPU
	EndGlobalSection
	GlobalSection(SolutionProperties) = preSolution
		HideSolutionNode = FALSE
	EndGlobalSection
	GlobalSection(NestedProjects) = preSolution
		{6FF9882D-9117-46E9-B352-C4819BEFB419} = {D0E2C818-E0D2-47C6-A7B5-A7D544649EBA}
		{C801F189-8619-4073-84BF-8098DE9C292D} = {D0E2C818-E0D2-47C6-A7B5-A7D544649EBA}
		{30B345CE-2C90-440A-B7F8-D3BE01A1FBDD} = {D0E2C818-E0D2-47C6-A7B5-A7D544649EBA}
		{7297F667-02C4-47B5-835E-7B11439D4103} = {D0E2C818-E0D2-47C6-A7B5-A7D544649EBA}
	EndGlobalSection
	GlobalSection(ExtensibilityGlobals) = postSolution
		SolutionGuid = {4EBB29B2-C020-42EE-97C7-921FD7ADDAD1}
	EndGlobalSection
EndGlobal
